
Microsoft Visual Studio Solution File, Format Version 12.00
# Visual Studio Version 17
VisualStudioVersion = 17.14.36202.13 d17.14
MinimumVisualStudioVersion = 10.0.40219.1
Project("{FAE04EC0-301F-11D3-BF4B-00C04F79EFBC}") = "TechMarketplace.API", "TechMarketplace.API\TechMarketplace.API.csproj", "{72A4555A-7E40-4D18-B0BB-3AEF32F29321}"
EndProject
Global
	GlobalSection(SolutionConfigurationPlatforms) = preSolution
		Debug|Any CPU = Debug|Any CPU
		Release|Any CPU = Release|Any CPU
	EndGlobalSection
	GlobalSection(ProjectConfigurationPlatforms) = postSolution
		{72A4555A-7E40-4D18-B0BB-3AEF32F29321}.Debug|Any CPU.ActiveCfg = Debug|Any CPU
		{72A4555A-7E40-4D18-B0BB-3AEF32F29321}.Debug|Any CPU.Build.0 = Debug|Any CPU
		{72A4555A-7E40-4D18-B0BB-3AEF32F29321}.Release|Any CPU.ActiveCfg = Release|Any CPU
		{72A4555A-7E40-4D18-B0BB-3AEF32F29321}.Release|Any CPU.Build.0 = Release|Any CPU
	EndGlobalSection
	GlobalSection(SolutionProperties) = preSolution
		HideSolutionNode = FALSE
	EndGlobalSection
	GlobalSection(ExtensibilityGlobals) = postSolution
		SolutionGuid = {72E45608-BD89-409E-82B7-ACA61B104151}
	EndGlobalSection
EndGlobal
